
Microsoft Visual Studio Solution File, Format Version 12.00
# Visual Studio 15
VisualStudioVersion = 15.0.27130.2036
MinimumVisualStudioVersion = 10.0.40219.1
Project("{8BC9CEB8-8B4A-11D0-8D11-00A0C91BC942}") = "Project1", "Project1\Project1.vcxproj", "{8FCAEB0A-0EF0-4D81-B903-8A6B95EF54C6}"
EndProject
Project("{8BC9CEB8-8B4A-11D0-8D11-00A0C91BC942}") = "1.Shaders", "Shaders\Shaders.vcxproj", "{7C3FF68C-E454-4203-9A3B-970B8C78F524}"
EndProject
Project("{8BC9CEB8-8B4A-11D0-8D11-00A0C91BC942}") = "0.Hello Triangles", "Hello Triangles\Hello Triangles.vcxproj", "{C1742502-CBFC-4E94-968D-63D15D389555}"
EndProject
Project("{8BC9CEB8-8B4A-11D0-8D11-00A0C91BC942}") = "2.Textures", "Textures\Textures.vcxproj", "{8A2B1451-E016-4C8A-BE5F-B33916D013FD}"
EndProject
Project("{8BC9CEB8-8B4A-11D0-8D11-00A0C91BC942}") = "3.Coordinate Systems", "Coordinate Systems\Coordinate Systems.vcxproj", "{A1212929-18D0-4B9E-B36A-C5D66A4C34DE}"
EndProject
Project("{8BC9CEB8-8B4A-11D0-8D11-00A0C91BC942}") = "4.Camera", "Camera\Camera.vcxproj", "{A032D790-FB16-410A-9107-C95EAB3F143B}"
EndProject
Project("{8BC9CEB8-8B4A-11D0-8D11-00A0C91BC942}") = "MisPruebas", "MisPruebas\MisPruebas.vcxproj", "{99F55A11-C474-4582-A7BB-2B3C316184CD}"
EndProject
Project("{8BC9CEB8-8B4A-11D0-8D11-00A0C91BC942}") = "5.Lightning", "5.Lightning_Colors\5.Lightning_Colors.vcxproj", "{D776FFAC-62F1-48EE-B6D0-0CFB4728CD04}"
EndProject
Project("{8BC9CEB8-8B4A-11D0-8D11-00A0C91BC942}") = "6.Lighting Maps", "6.Lighting Maps\6.Lighting Maps.vcxproj", "{E875012F-0AAF-45CB-8E3D-586FF4C6CF9C}"
EndProject
Project("{8BC9CEB8-8B4A-11D0-8D11-00A0C91BC942}") = "7.Light casters", "7.Light casters\7.Light casters.vcxproj", "{A4A58ECD-4280-4813-9DA2-37C53850929A}"
EndProject
Project("{8BC9CEB8-8B4A-11D0-8D11-00A0C91BC942}") = "8.Multiple Lights", "8.Multiple Lights\8.Multiple Lights.vcxproj", "{69E6EBAC-6D51-46F2-B8C8-2BB0B0716B84}"
EndProject
Project("{8BC9CEB8-8B4A-11D0-8D11-00A0C91BC942}") = "9.Model Loading - Assimp", "9.Model Loading - Assimp\9.Model Loading - Assimp.vcxproj", "{6F7EF49E-1FAB-4E42-AC60-4083EA18AC69}"
EndProject
Project("{8BC9CEB8-8B4A-11D0-8D11-00A0C91BC942}") = "10.Depth Testing", "10.Depth Testing\10.Depth Testing.vcxproj", "{E98F3BD4-491E-4E77-8ED2-454A34A374F0}"
EndProject
Project("{8BC9CEB8-8B4A-11D0-8D11-00A0C91BC942}") = "11.Stencil Testing", "11.Stencil Testing\11.Stencil Testing.vcxproj", "{AA22E67B-5612-4E46-89DB-0A228D1BA20E}"
EndProject
Project("{8BC9CEB8-8B4A-11D0-8D11-00A0C91BC942}") = "12.Blending", "12.Blending\12.Blending.vcxproj", "{4DD31216-AAEC-4346-AF0F-8DB8A9D9258E}"
EndProject
Project("{8BC9CEB8-8B4A-11D0-8D11-00A0C91BC942}") = "13.Framebuffers", "13.Framebuffers\13.Framebuffers.vcxproj", "{DF2AEB69-0EEF-429A-81D5-77CFFD4F3C62}"
EndProject
Project("{8BC9CEB8-8B4A-11D0-8D11-00A0C91BC942}") = "14.Cubemaps", "14.Cubemaps\14.Cubemaps.vcxproj", "{EFC1AB40-B1E0-403D-AF5A-5915554675DE}"
EndProject
Project("{8BC9CEB8-8B4A-11D0-8D11-00A0C91BC942}") = "15.Advanced GLSL", "15.Advanced GLSL\15.Advanced GLSL.vcxproj", "{563990F2-F959-48EE-BE4F-3CECB2137573}"
EndProject
Project("{8BC9CEB8-8B4A-11D0-8D11-00A0C91BC942}") = "16.Geometry shaders", "16.Geometry shaders\16.Geometry shaders.vcxproj", "{8678A4FA-3623-4E75-A5EA-725FB351B0B6}"
EndProject
Project("{8BC9CEB8-8B4A-11D0-8D11-00A0C91BC942}") = "17.Instancing", "17.Instancing\17.Instancing.vcxproj", "{B6A87A92-9D50-4840-84F0-54F914D90911}"
EndProject
Project("{8BC9CEB8-8B4A-11D0-8D11-00A0C91BC942}") = "18.Shadow Mapping", "18.Shadow Mapping\18.Shadow Mapping.vcxproj", "{F605352F-D7AF-4864-865D-DDA12A43349B}"
EndProject
Project("{8BC9CEB8-8B4A-11D0-8D11-00A0C91BC942}") = "19.Point Shadows", "19.Point Shadows\19.Point Shadows.vcxproj", "{B09682D2-DD93-48FA-8E83-52D48A7A124F}"
EndProject
Project("{8BC9CEB8-8B4A-11D0-8D11-00A0C91BC942}") = "20.Normal Mapping", "20.Normal Mapping\20.Normal Mapping.vcxproj", "{D3964450-61C4-4DA0-B53C-A3DC138CE9A4}"
EndProject
Project("{8BC9CEB8-8B4A-11D0-8D11-00A0C91BC942}") = "21.Parallax Mapping", "21.Parallax Mapping\21.Parallax Mapping.vcxproj", "{59026235-E292-4E7C-8ABF-7C27DE9BF959}"
EndProject
Project("{8BC9CEB8-8B4A-11D0-8D11-00A0C91BC942}") = "22.HDR", "22.HDR\22.HDR.vcxproj", "{1AF63771-820E-4908-930B-D05F17C1F8E3}"
EndProject
Project("{8BC9CEB8-8B4A-11D0-8D11-00A0C91BC942}") = "23.Bloom", "23.Bloom\23.Bloom.vcxproj", "{5D55CB34-6031-4445-9036-9206461204BF}"
EndProject
Project("{8BC9CEB8-8B4A-11D0-8D11-00A0C91BC942}") = "24.Deferred Shading", "24.Deferred Shading\24.Deferred Shading.vcxproj", "{D3BD1E3D-06D0-40B4-972C-8AABBF95EA85}"
EndProject
Project("{8BC9CEB8-8B4A-11D0-8D11-00A0C91BC942}") = "25.SSAO", "25.SSAO\25.SSAO.vcxproj", "{A8BBB688-4164-495C-8CF4-087BE8EA37C0}"
EndProject
Project("{8BC9CEB8-8B4A-11D0-8D11-00A0C91BC942}") = "26.PBR", "26.PBR\26.PBR.vcxproj", "{B4F34900-B199-4990-B817-8E65B3783EF7}"
EndProject
Project("{8BC9CEB8-8B4A-11D0-8D11-00A0C91BC942}") = "27.PBR IBL", "27.PBR IBL\27.PBR IBL.vcxproj", "{5C6C1728-6B86-4842-8F10-FB6BACC676F3}"
EndProject
Global
	GlobalSection(SolutionConfigurationPlatforms) = preSolution
		Debug|x64 = Debug|x64
		Debug|x86 = Debug|x86
		Release|x64 = Release|x64
		Release|x86 = Release|x86
	EndGlobalSection
	GlobalSection(ProjectConfigurationPlatforms) = postSolution
		{8FCAEB0A-0EF0-4D81-B903-8A6B95EF54C6}.Debug|x64.ActiveCfg = Debug|x64
		{8FCAEB0A-0EF0-4D81-B903-8A6B95EF54C6}.Debug|x64.Build.0 = Debug|x64
		{8FCAEB0A-0EF0-4D81-B903-8A6B95EF54C6}.Debug|x86.ActiveCfg = Debug|Win32
		{8FCAEB0A-0EF0-4D81-B903-8A6B95EF54C6}.Debug|x86.Build.0 = Debug|Win32
		{8FCAEB0A-0EF0-4D81-B903-8A6B95EF54C6}.Release|x64.ActiveCfg = Release|x64
		{8FCAEB0A-0EF0-4D81-B903-8A6B95EF54C6}.Release|x64.Build.0 = Release|x64
		{8FCAEB0A-0EF0-4D81-B903-8A6B95EF54C6}.Release|x86.ActiveCfg = Release|Win32
		{8FCAEB0A-0EF0-4D81-B903-8A6B95EF54C6}.Release|x86.Build.0 = Release|Win32
		{7C3FF68C-E454-4203-9A3B-970B8C78F524}.Debug|x64.ActiveCfg = Debug|x64
		{7C3FF68C-E454-4203-9A3B-970B8C78F524}.Debug|x64.Build.0 = Debug|x64
		{7C3FF68C-E454-4203-9A3B-970B8C78F524}.Debug|x86.ActiveCfg = Debug|Win32
		{7C3FF68C-E454-4203-9A3B-970B8C78F524}.Debug|x86.Build.0 = Debug|Win32
		{7C3FF68C-E454-4203-9A3B-970B8C78F524}.Release|x64.ActiveCfg = Release|x64
		{7C3FF68C-E454-4203-9A3B-970B8C78F524}.Release|x64.Build.0 = Release|x64
		{7C3FF68C-E454-4203-9A3B-970B8C78F524}.Release|x86.ActiveCfg = Release|Win32
		{7C3FF68C-E454-4203-9A3B-970B8C78F524}.Release|x86.Build.0 = Release|Win32
		{C1742502-CBFC-4E94-968D-63D15D389555}.Debug|x64.ActiveCfg = Debug|x64
		{C1742502-CBFC-4E94-968D-63D15D389555}.Debug|x64.Build.0 = Debug|x64
		{C1742502-CBFC-4E94-968D-63D15D389555}.Debug|x86.ActiveCfg = Debug|Win32
		{C1742502-CBFC-4E94-968D-63D15D389555}.Debug|x86.Build.0 = Debug|Win32
		{C1742502-CBFC-4E94-968D-63D15D389555}.Release|x64.ActiveCfg = Release|x64
		{C1742502-CBFC-4E94-968D-63D15D389555}.Release|x64.Build.0 = Release|x64
		{C1742502-CBFC-4E94-968D-63D15D389555}.Release|x86.ActiveCfg = Release|Win32
		{C1742502-CBFC-4E94-968D-63D15D389555}.Release|x86.Build.0 = Release|Win32
		{8A2B1451-E016-4C8A-BE5F-B33916D013FD}.Debug|x64.ActiveCfg = Debug|x64
		{8A2B1451-E016-4C8A-BE5F-B33916D013FD}.Debug|x64.Build.0 = Debug|x64
		{8A2B1451-E016-4C8A-BE5F-B33916D013FD}.Debug|x86.ActiveCfg = Debug|Win32
		{8A2B1451-E016-4C8A-BE5F-B33916D013FD}.Debug|x86.Build.0 = Debug|Win32
		{8A2B1451-E016-4C8A-BE5F-B33916D013FD}.Release|x64.ActiveCfg = Release|x64
		{8A2B1451-E016-4C8A-BE5F-B33916D013FD}.Release|x64.Build.0 = Release|x64
		{8A2B1451-E016-4C8A-BE5F-B33916D013FD}.Release|x86.ActiveCfg = Release|Win32
		{8A2B1451-E016-4C8A-BE5F-B33916D013FD}.Release|x86.Build.0 = Release|Win32
		{A1212929-18D0-4B9E-B36A-C5D66A4C34DE}.Debug|x64.ActiveCfg = Debug|x64
		{A1212929-18D0-4B9E-B36A-C5D66A4C34DE}.Debug|x64.Build.0 = Debug|x64
		{A1212929-18D0-4B9E-B36A-C5D66A4C34DE}.Debug|x86.ActiveCfg = Debug|Win32
		{A1212929-18D0-4B9E-B36A-C5D66A4C34DE}.Debug|x86.Build.0 = Debug|Win32
		{A1212929-18D0-4B9E-B36A-C5D66A4C34DE}.Release|x64.ActiveCfg = Release|x64
		{A1212929-18D0-4B9E-B36A-C5D66A4C34DE}.Release|x64.Build.0 = Release|x64
		{A1212929-18D0-4B9E-B36A-C5D66A4C34DE}.Release|x86.ActiveCfg = Release|Win32
		{A1212929-18D0-4B9E-B36A-C5D66A4C34DE}.Release|x86.Build.0 = Release|Win32
		{A032D790-FB16-410A-9107-C95EAB3F143B}.Debug|x64.ActiveCfg = Debug|x64
		{A032D790-FB16-410A-9107-C95EAB3F143B}.Debug|x64.Build.0 = Debug|x64
		{A032D790-FB16-410A-9107-C95EAB3F143B}.Debug|x86.ActiveCfg = Debug|Win32
		{A032D790-FB16-410A-9107-C95EAB3F143B}.Debug|x86.Build.0 = Debug|Win32
		{A032D790-FB16-410A-9107-C95EAB3F143B}.Release|x64.ActiveCfg = Release|x64
		{A032D790-FB16-410A-9107-C95EAB3F143B}.Release|x64.Build.0 = Release|x64
		{A032D790-FB16-410A-9107-C95EAB3F143B}.Release|x86.ActiveCfg = Release|Win32
		{A032D790-FB16-410A-9107-C95EAB3F143B}.Release|x86.Build.0 = Release|Win32
		{99F55A11-C474-4582-A7BB-2B3C316184CD}.Debug|x64.ActiveCfg = Debug|x64
		{99F55A11-C474-4582-A7BB-2B3C316184CD}.Debug|x64.Build.0 = Debug|x64
		{99F55A11-C474-4582-A7BB-2B3C316184CD}.Debug|x86.ActiveCfg = Debug|Win32
		{99F55A11-C474-4582-A7BB-2B3C316184CD}.Debug|x86.Build.0 = Debug|Win32
		{99F55A11-C474-4582-A7BB-2B3C316184CD}.Release|x64.ActiveCfg = Release|x64
		{99F55A11-C474-4582-A7BB-2B3C316184CD}.Release|x64.Build.0 = Release|x64
		{99F55A11-C474-4582-A7BB-2B3C316184CD}.Release|x86.ActiveCfg = Release|Win32
		{99F55A11-C474-4582-A7BB-2B3C316184CD}.Release|x86.Build.0 = Release|Win32
		{D776FFAC-62F1-48EE-B6D0-0CFB4728CD04}.Debug|x64.ActiveCfg = Debug|x64
		{D776FFAC-62F1-48EE-B6D0-0CFB4728CD04}.Debug|x64.Build.0 = Debug|x64
		{D776FFAC-62F1-48EE-B6D0-0CFB4728CD04}.Debug|x86.ActiveCfg = Debug|Win32
		{D776FFAC-62F1-48EE-B6D0-0CFB4728CD04}.Debug|x86.Build.0 = Debug|Win32
		{D776FFAC-62F1-48EE-B6D0-0CFB4728CD04}.Release|x64.ActiveCfg = Release|x64
		{D776FFAC-62F1-48EE-B6D0-0CFB4728CD04}.Release|x64.Build.0 = Release|x64
		{D776FFAC-62F1-48EE-B6D0-0CFB4728CD04}.Release|x86.ActiveCfg = Release|Win32
		{D776FFAC-62F1-48EE-B6D0-0CFB4728CD04}.Release|x86.Build.0 = Release|Win32
		{E875012F-0AAF-45CB-8E3D-586FF4C6CF9C}.Debug|x64.ActiveCfg = Debug|x64
		{E875012F-0AAF-45CB-8E3D-586FF4C6CF9C}.Debug|x64.Build.0 = Debug|x64
		{E875012F-0AAF-45CB-8E3D-586FF4C6CF9C}.Debug|x86.ActiveCfg = Debug|Win32
		{E875012F-0AAF-45CB-8E3D-586FF4C6CF9C}.Debug|x86.Build.0 = Debug|Win32
		{E875012F-0AAF-45CB-8E3D-586FF4C6CF9C}.Release|x64.ActiveCfg = Release|x64
		{E875012F-0AAF-45CB-8E3D-586FF4C6CF9C}.Release|x64.Build.0 = Release|x64
		{E875012F-0AAF-45CB-8E3D-586FF4C6CF9C}.Release|x86.ActiveCfg = Release|Win32
		{E875012F-0AAF-45CB-8E3D-586FF4C6CF9C}.Release|x86.Build.0 = Release|Win32
		{A4A58ECD-4280-4813-9DA2-37C53850929A}.Debug|x64.ActiveCfg = Debug|x64
		{A4A58ECD-4280-4813-9DA2-37C53850929A}.Debug|x64.Build.0 = Debug|x64
		{A4A58ECD-4280-4813-9DA2-37C53850929A}.Debug|x86.ActiveCfg = Debug|Win32
		{A4A58ECD-4280-4813-9DA2-37C53850929A}.Debug|x86.Build.0 = Debug|Win32
		{A4A58ECD-4280-4813-9DA2-37C53850929A}.Release|x64.ActiveCfg = Release|x64
		{A4A58ECD-4280-4813-9DA2-37C53850929A}.Release|x64.Build.0 = Release|x64
		{A4A58ECD-4280-4813-9DA2-37C53850929A}.Release|x86.ActiveCfg = Release|Win32
		{A4A58ECD-4280-4813-9DA2-37C53850929A}.Release|x86.Build.0 = Release|Win32
		{69E6EBAC-6D51-46F2-B8C8-2BB0B0716B84}.Debug|x64.ActiveCfg = Debug|x64
		{69E6EBAC-6D51-46F2-B8C8-2BB0B0716B84}.Debug|x64.Build.0 = Debug|x64
		{69E6EBAC-6D51-46F2-B8C8-2BB0B0716B84}.Debug|x86.ActiveCfg = Debug|Win32
		{69E6EBAC-6D51-46F2-B8C8-2BB0B0716B84}.Debug|x86.Build.0 = Debug|Win32
		{69E6EBAC-6D51-46F2-B8C8-2BB0B0716B84}.Release|x64.ActiveCfg = Release|x64
		{69E6EBAC-6D51-46F2-B8C8-2BB0B0716B84}.Release|x64.Build.0 = Release|x64
		{69E6EBAC-6D51-46F2-B8C8-2BB0B0716B84}.Release|x86.ActiveCfg = Release|Win32
		{69E6EBAC-6D51-46F2-B8C8-2BB0B0716B84}.Release|x86.Build.0 = Release|Win32
		{6F7EF49E-1FAB-4E42-AC60-4083EA18AC69}.Debug|x64.ActiveCfg = Debug|x64
		{6F7EF49E-1FAB-4E42-AC60-4083EA18AC69}.Debug|x64.Build.0 = Debug|x64
		{6F7EF49E-1FAB-4E42-AC60-4083EA18AC69}.Debug|x86.ActiveCfg = Debug|Win32
		{6F7EF49E-1FAB-4E42-AC60-4083EA18AC69}.Debug|x86.Build.0 = Debug|Win32
		{6F7EF49E-1FAB-4E42-AC60-4083EA18AC69}.Release|x64.ActiveCfg = Release|x64
		{6F7EF49E-1FAB-4E42-AC60-4083EA18AC69}.Release|x64.Build.0 = Release|x64
		{6F7EF49E-1FAB-4E42-AC60-4083EA18AC69}.Release|x86.ActiveCfg = Release|Win32
		{6F7EF49E-1FAB-4E42-AC60-4083EA18AC69}.Release|x86.Build.0 = Release|Win32
		{E98F3BD4-491E-4E77-8ED2-454A34A374F0}.Debug|x64.ActiveCfg = Debug|x64
		{E98F3BD4-491E-4E77-8ED2-454A34A374F0}.Debug|x64.Build.0 = Debug|x64
		{E98F3BD4-491E-4E77-8ED2-454A34A374F0}.Debug|x86.ActiveCfg = Debug|Win32
		{E98F3BD4-491E-4E77-8ED2-454A34A374F0}.Debug|x86.Build.0 = Debug|Win32
		{E98F3BD4-491E-4E77-8ED2-454A34A374F0}.Release|x64.ActiveCfg = Release|x64
		{E98F3BD4-491E-4E77-8ED2-454A34A374F0}.Release|x64.Build.0 = Release|x64
		{E98F3BD4-491E-4E77-8ED2-454A34A374F0}.Release|x86.ActiveCfg = Release|Win32
		{E98F3BD4-491E-4E77-8ED2-454A34A374F0}.Release|x86.Build.0 = Release|Win32
		{AA22E67B-5612-4E46-89DB-0A228D1BA20E}.Debug|x64.ActiveCfg = Debug|x64
		{AA22E67B-5612-4E46-89DB-0A228D1BA20E}.Debug|x64.Build.0 = Debug|x64
		{AA22E67B-5612-4E46-89DB-0A228D1BA20E}.Debug|x86.ActiveCfg = Debug|Win32
		{AA22E67B-5612-4E46-89DB-0A228D1BA20E}.Debug|x86.Build.0 = Debug|Win32
		{AA22E67B-5612-4E46-89DB-0A228D1BA20E}.Release|x64.ActiveCfg = Release|x64
		{AA22E67B-5612-4E46-89DB-0A228D1BA20E}.Release|x64.Build.0 = Release|x64
		{AA22E67B-5612-4E46-89DB-0A228D1BA20E}.Release|x86.ActiveCfg = Release|Win32
		{AA22E67B-5612-4E46-89DB-0A228D1BA20E}.Release|x86.Build.0 = Release|Win32
		{4DD31216-AAEC-4346-AF0F-8DB8A9D9258E}.Debug|x64.ActiveCfg = Debug|x64
		{4DD31216-AAEC-4346-AF0F-8DB8A9D9258E}.Debug|x64.Build.0 = Debug|x64
		{4DD31216-AAEC-4346-AF0F-8DB8A9D9258E}.Debug|x86.ActiveCfg = Debug|Win32
		{4DD31216-AAEC-4346-AF0F-8DB8A9D9258E}.Debug|x86.Build.0 = Debug|Win32
		{4DD31216-AAEC-4346-AF0F-8DB8A9D9258E}.Release|x64.ActiveCfg = Release|x64
		{4DD31216-AAEC-4346-AF0F-8DB8A9D9258E}.Release|x64.Build.0 = Release|x64
		{4DD31216-AAEC-4346-AF0F-8DB8A9D9258E}.Release|x86.ActiveCfg = Release|Win32
		{4DD31216-AAEC-4346-AF0F-8DB8A9D9258E}.Release|x86.Build.0 = Release|Win32
		{DF2AEB69-0EEF-429A-81D5-77CFFD4F3C62}.Debug|x64.ActiveCfg = Debug|x64
		{DF2AEB69-0EEF-429A-81D5-77CFFD4F3C62}.Debug|x64.Build.0 = Debug|x64
		{DF2AEB69-0EEF-429A-81D5-77CFFD4F3C62}.Debug|x86.ActiveCfg = Debug|Win32
		{DF2AEB69-0EEF-429A-81D5-77CFFD4F3C62}.Debug|x86.Build.0 = Debug|Win32
		{DF2AEB69-0EEF-429A-81D5-77CFFD4F3C62}.Release|x64.ActiveCfg = Release|x64
		{DF2AEB69-0EEF-429A-81D5-77CFFD4F3C62}.Release|x64.Build.0 = Release|x64
		{DF2AEB69-0EEF-429A-81D5-77CFFD4F3C62}.Release|x86.ActiveCfg = Release|Win32
		{DF2AEB69-0EEF-429A-81D5-77CFFD4F3C62}.Release|x86.Build.0 = Release|Win32
		{EFC1AB40-B1E0-403D-AF5A-5915554675DE}.Debug|x64.ActiveCfg = Debug|x64
		{EFC1AB40-B1E0-403D-AF5A-5915554675DE}.Debug|x64.Build.0 = Debug|x64
		{EFC1AB40-B1E0-403D-AF5A-5915554675DE}.Debug|x86.ActiveCfg = Debug|Win32
		{EFC1AB40-B1E0-403D-AF5A-5915554675DE}.Debug|x86.Build.0 = Debug|Win32
		{EFC1AB40-B1E0-403D-AF5A-5915554675DE}.Release|x64.ActiveCfg = Release|x64
		{EFC1AB40-B1E0-403D-AF5A-5915554675DE}.Release|x64.Build.0 = Release|x64
		{EFC1AB40-B1E0-403D-AF5A-5915554675DE}.Release|x86.ActiveCfg = Release|Win32
		{EFC1AB40-B1E0-403D-AF5A-5915554675DE}.Release|x86.Build.0 = Release|Win32
		{563990F2-F959-48EE-BE4F-3CECB2137573}.Debug|x64.ActiveCfg = Debug|x64
		{563990F2-F959-48EE-BE4F-3CECB2137573}.Debug|x64.Build.0 = Debug|x64
		{563990F2-F959-48EE-BE4F-3CECB2137573}.Debug|x86.ActiveCfg = Debug|Win32
		{563990F2-F959-48EE-BE4F-3CECB2137573}.Debug|x86.Build.0 = Debug|Win32
		{563990F2-F959-48EE-BE4F-3CECB2137573}.Release|x64.ActiveCfg = Release|x64
		{563990F2-F959-48EE-BE4F-3CECB2137573}.Release|x64.Build.0 = Release|x64
		{563990F2-F959-48EE-BE4F-3CECB2137573}.Release|x86.ActiveCfg = Release|Win32
		{563990F2-F959-48EE-BE4F-3CECB2137573}.Release|x86.Build.0 = Release|Win32
		{8678A4FA-3623-4E75-A5EA-725FB351B0B6}.Debug|x64.ActiveCfg = Debug|x64
		{8678A4FA-3623-4E75-A5EA-725FB351B0B6}.Debug|x64.Build.0 = Debug|x64
		{8678A4FA-3623-4E75-A5EA-725FB351B0B6}.Debug|x86.ActiveCfg = Debug|Win32
		{8678A4FA-3623-4E75-A5EA-725FB351B0B6}.Debug|x86.Build.0 = Debug|Win32
		{8678A4FA-3623-4E75-A5EA-725FB351B0B6}.Release|x64.ActiveCfg = Release|x64
		{8678A4FA-3623-4E75-A5EA-725FB351B0B6}.Release|x64.Build.0 = Release|x64
		{8678A4FA-3623-4E75-A5EA-725FB351B0B6}.Release|x86.ActiveCfg = Release|Win32
		{8678A4FA-3623-4E75-A5EA-725FB351B0B6}.Release|x86.Build.0 = Release|Win32
		{B6A87A92-9D50-4840-84F0-54F914D90911}.Debug|x64.ActiveCfg = Debug|x64
		{B6A87A92-9D50-4840-84F0-54F914D90911}.Debug|x64.Build.0 = Debug|x64
		{B6A87A92-9D50-4840-84F0-54F914D90911}.Debug|x86.ActiveCfg = Debug|Win32
		{B6A87A92-9D50-4840-84F0-54F914D90911}.Debug|x86.Build.0 = Debug|Win32
		{B6A87A92-9D50-4840-84F0-54F914D90911}.Release|x64.ActiveCfg = Release|x64
		{B6A87A92-9D50-4840-84F0-54F914D90911}.Release|x64.Build.0 = Release|x64
		{B6A87A92-9D50-4840-84F0-54F914D90911}.Release|x86.ActiveCfg = Release|Win32
		{B6A87A92-9D50-4840-84F0-54F914D90911}.Release|x86.Build.0 = Release|Win32
		{F605352F-D7AF-4864-865D-DDA12A43349B}.Debug|x64.ActiveCfg = Debug|x64
		{F605352F-D7AF-4864-865D-DDA12A43349B}.Debug|x64.Build.0 = Debug|x64
		{F605352F-D7AF-4864-865D-DDA12A43349B}.Debug|x86.ActiveCfg = Debug|Win32
		{F605352F-D7AF-4864-865D-DDA12A43349B}.Debug|x86.Build.0 = Debug|Win32
		{F605352F-D7AF-4864-865D-DDA12A43349B}.Release|x64.ActiveCfg = Release|x64
		{F605352F-D7AF-4864-865D-DDA12A43349B}.Release|x64.Build.0 = Release|x64
		{F605352F-D7AF-4864-865D-DDA12A43349B}.Release|x86.ActiveCfg = Release|Win32
		{F605352F-D7AF-4864-865D-DDA12A43349B}.Release|x86.Build.0 = Release|Win32
		{B09682D2-DD93-48FA-8E83-52D48A7A124F}.Debug|x64.ActiveCfg = Debug|x64
		{B09682D2-DD93-48FA-8E83-52D48A7A124F}.Debug|x64.Build.0 = Debug|x64
		{B09682D2-DD93-48FA-8E83-52D48A7A124F}.Debug|x86.ActiveCfg = Debug|Win32
		{B09682D2-DD93-48FA-8E83-52D48A7A124F}.Debug|x86.Build.0 = Debug|Win32
		{B09682D2-DD93-48FA-8E83-52D48A7A124F}.Release|x64.ActiveCfg = Release|x64
		{B09682D2-DD93-48FA-8E83-52D48A7A124F}.Release|x64.Build.0 = Release|x64
		{B09682D2-DD93-48FA-8E83-52D48A7A124F}.Release|x86.ActiveCfg = Release|Win32
		{B09682D2-DD93-48FA-8E83-52D48A7A124F}.Release|x86.Build.0 = Release|Win32
		{D3964450-61C4-4DA0-B53C-A3DC138CE9A4}.Debug|x64.ActiveCfg = Debug|x64
		{D3964450-61C4-4DA0-B53C-A3DC138CE9A4}.Debug|x64.Build.0 = Debug|x64
		{D3964450-61C4-4DA0-B53C-A3DC138CE9A4}.Debug|x86.ActiveCfg = Debug|Win32
		{D3964450-61C4-4DA0-B53C-A3DC138CE9A4}.Debug|x86.Build.0 = Debug|Win32
		{D3964450-61C4-4DA0-B53C-A3DC138CE9A4}.Release|x64.ActiveCfg = Release|x64
		{D3964450-61C4-4DA0-B53C-A3DC138CE9A4}.Release|x64.Build.0 = Release|x64
		{D3964450-61C4-4DA0-B53C-A3DC138CE9A4}.Release|x86.ActiveCfg = Release|Win32
		{D3964450-61C4-4DA0-B53C-A3DC138CE9A4}.Release|x86.Build.0 = Release|Win32
		{59026235-E292-4E7C-8ABF-7C27DE9BF959}.Debug|x64.ActiveCfg = Debug|x64
		{59026235-E292-4E7C-8ABF-7C27DE9BF959}.Debug|x64.Build.0 = Debug|x64
		{59026235-E292-4E7C-8ABF-7C27DE9BF959}.Debug|x86.ActiveCfg = Debug|Win32
		{59026235-E292-4E7C-8ABF-7C27DE9BF959}.Debug|x86.Build.0 = Debug|Win32
		{59026235-E292-4E7C-8ABF-7C27DE9BF959}.Release|x64.ActiveCfg = Release|x64
		{59026235-E292-4E7C-8ABF-7C27DE9BF959}.Release|x64.Build.0 = Release|x64
		{59026235-E292-4E7C-8ABF-7C27DE9BF959}.Release|x86.ActiveCfg = Release|Win32
		{59026235-E292-4E7C-8ABF-7C27DE9BF959}.Release|x86.Build.0 = Release|Win32
		{1AF63771-820E-4908-930B-D05F17C1F8E3}.Debug|x64.ActiveCfg = Debug|x64
		{1AF63771-820E-4908-930B-D05F17C1F8E3}.Debug|x64.Build.0 = Debug|x64
		{1AF63771-820E-4908-930B-D05F17C1F8E3}.Debug|x86.ActiveCfg = Debug|Win32
		{1AF63771-820E-4908-930B-D05F17C1F8E3}.Debug|x86.Build.0 = Debug|Win32
		{1AF63771-820E-4908-930B-D05F17C1F8E3}.Release|x64.ActiveCfg = Release|x64
		{1AF63771-820E-4908-930B-D05F17C1F8E3}.Release|x64.Build.0 = Release|x64
		{1AF63771-820E-4908-930B-D05F17C1F8E3}.Release|x86.ActiveCfg = Release|Win32
		{1AF63771-820E-4908-930B-D05F17C1F8E3}.Release|x86.Build.0 = Release|Win32
		{5D55CB34-6031-4445-9036-9206461204BF}.Debug|x64.ActiveCfg = Debug|x64
		{5D55CB34-6031-4445-9036-9206461204BF}.Debug|x64.Build.0 = Debug|x64
		{5D55CB34-6031-4445-9036-9206461204BF}.Debug|x86.ActiveCfg = Debug|Win32
		{5D55CB34-6031-4445-9036-9206461204BF}.Debug|x86.Build.0 = Debug|Win32
		{5D55CB34-6031-4445-9036-9206461204BF}.Release|x64.ActiveCfg = Release|x64
		{5D55CB34-6031-4445-9036-9206461204BF}.Release|x64.Build.0 = Release|x64
		{5D55CB34-6031-4445-9036-9206461204BF}.Release|x86.ActiveCfg = Release|Win32
		{5D55CB34-6031-4445-9036-9206461204BF}.Release|x86.Build.0 = Release|Win32
		{D3BD1E3D-06D0-40B4-972C-8AABBF95EA85}.Debug|x64.ActiveCfg = Debug|x64
		{D3BD1E3D-06D0-40B4-972C-8AABBF95EA85}.Debug|x64.Build.0 = Debug|x64
		{D3BD1E3D-06D0-40B4-972C-8AABBF95EA85}.Debug|x86.ActiveCfg = Debug|Win32
		{D3BD1E3D-06D0-40B4-972C-8AABBF95EA85}.Debug|x86.Build.0 = Debug|Win32
		{D3BD1E3D-06D0-40B4-972C-8AABBF95EA85}.Release|x64.ActiveCfg = Release|x64
		{D3BD1E3D-06D0-40B4-972C-8AABBF95EA85}.Release|x64.Build.0 = Release|x64
		{D3BD1E3D-06D0-40B4-972C-8AABBF95EA85}.Release|x86.ActiveCfg = Release|Win32
		{D3BD1E3D-06D0-40B4-972C-8AABBF95EA85}.Release|x86.Build.0 = Release|Win32
		{A8BBB688-4164-495C-8CF4-087BE8EA37C0}.Debug|x64.ActiveCfg = Debug|x64
		{A8BBB688-4164-495C-8CF4-087BE8EA37C0}.Debug|x64.Build.0 = Debug|x64
		{A8BBB688-4164-495C-8CF4-087BE8EA37C0}.Debug|x86.ActiveCfg = Debug|Win32
		{A8BBB688-4164-495C-8CF4-087BE8EA37C0}.Debug|x86.Build.0 = Debug|Win32
		{A8BBB688-4164-495C-8CF4-087BE8EA37C0}.Release|x64.ActiveCfg = Release|x64
		{A8BBB688-4164-495C-8CF4-087BE8EA37C0}.Release|x64.Build.0 = Release|x64
		{A8BBB688-4164-495C-8CF4-087BE8EA37C0}.Release|x86.ActiveCfg = Release|Win32
		{A8BBB688-4164-495C-8CF4-087BE8EA37C0}.Release|x86.Build.0 = Release|Win32
		{B4F34900-B199-4990-B817-8E65B3783EF7}.Debug|x64.ActiveCfg = Debug|x64
		{B4F34900-B199-4990-B817-8E65B3783EF7}.Debug|x64.Build.0 = Debug|x64
		{B4F34900-B199-4990-B817-8E65B3783EF7}.Debug|x86.ActiveCfg = Debug|Win32
		{B4F34900-B199-4990-B817-8E65B3783EF7}.Debug|x86.Build.0 = Debug|Win32
		{B4F34900-B199-4990-B817-8E65B3783EF7}.Release|x64.ActiveCfg = Release|x64
		{B4F34900-B199-4990-B817-8E65B3783EF7}.Release|x64.Build.0 = Release|x64
		{B4F34900-B199-4990-B817-8E65B3783EF7}.Release|x86.ActiveCfg = Release|Win32
		{B4F34900-B199-4990-B817-8E65B3783EF7}.Release|x86.Build.0 = Release|Win32
		{5C6C1728-6B86-4842-8F10-FB6BACC676F3}.Debug|x64.ActiveCfg = Debug|x64
		{5C6C1728-6B86-4842-8F10-FB6BACC676F3}.Debug|x64.Build.0 = Debug|x64
		{5C6C1728-6B86-4842-8F10-FB6BACC676F3}.Debug|x86.ActiveCfg = Debug|Win32
		{5C6C1728-6B86-4842-8F10-FB6BACC676F3}.Debug|x86.Build.0 = Debug|Win32
		{5C6C1728-6B86-4842-8F10-FB6BACC676F3}.Release|x64.ActiveCfg = Release|x64
		{5C6C1728-6B86-4842-8F10-FB6BACC676F3}.Release|x64.Build.0 = Release|x64
		{5C6C1728-6B86-4842-8F10-FB6BACC676F3}.Release|x86.ActiveCfg = Release|Win32
		{5C6C1728-6B86-4842-8F10-FB6BACC676F3}.Release|x86.Build.0 = Release|Win32
	EndGlobalSection
	GlobalSection(SolutionProperties) = preSolution
		HideSolutionNode = FALSE
	EndGlobalSection
	GlobalSection(ExtensibilityGlobals) = postSolution
		SolutionGuid = {47A390FA-9469-4B55-A9FA-CFA03BD48C7C}
	EndGlobalSection
EndGlobal
